
Microsoft Visual Studio Solution File, Format Version 12.00
# Visual Studio Version 16
VisualStudioVersion = 16.0.30413.136
MinimumVisualStudioVersion = 10.0.40219.1
Project("{FAE04EC0-301F-11D3-BF4B-00C04F79EFBC}") = "Test_MVC_Operation_001", "Test_MVC_Operation_001\Test_MVC_Operation_001.csproj", "{9DCD9A2A-1413-4E1E-9D2E-9A4DBFC1079E}"
EndProject
Global
	GlobalSection(SolutionConfigurationPlatforms) = preSolution
		Debug|Any CPU = Debug|Any CPU
		Release|Any CPU = Release|Any CPU
	EndGlobalSection
	GlobalSection(ProjectConfigurationPlatforms) = postSolution
		{9DCD9A2A-1413-4E1E-9D2E-9A4DBFC1079E}.Debug|Any CPU.ActiveCfg = Debug|Any CPU
		{9DCD9A2A-1413-4E1E-9D2E-9A4DBFC1079E}.Debug|Any CPU.Build.0 = Debug|Any CPU
		{9DCD9A2A-1413-4E1E-9D2E-9A4DBFC1079E}.Release|Any CPU.ActiveCfg = Release|Any CPU
		{9DCD9A2A-1413-4E1E-9D2E-9A4DBFC1079E}.Release|Any CPU.Build.0 = Release|Any CPU
	EndGlobalSection
	GlobalSection(SolutionProperties) = preSolution
		HideSolutionNode = FALSE
	EndGlobalSection
	GlobalSection(ExtensibilityGlobals) = postSolution
		SolutionGuid = {0FA993A7-2B9F-4E8D-A23F-28D3020F902A}
	EndGlobalSection
EndGlobal
